github.com/DATA-DOG/go-sqlmock v1.5.2 h1:OcvFkGmslmlZibjAjaHm3L//6LiuBgolP7OputlJIzU=
github.com/DATA-DOG/go-sqlmock v1.5.2/go.mod h1:88MAG/4G7SMwSE3CeA0ZKzrT5CiOU3OJ+JlNzwDqpNU=
github.com/kisielk/sqlstruct v0.0.0-20201105191214-5f3e10d3ab46/go.mod h1:yyMNCyc/Ib3bDTKd379tNMpB/7/H5TjM2Y9QJ5THLbE=
github.com/nathanbcrocker/env v0.0.0-20240911214235-e6abf0e50750 h1:C/qZVLKi09MVk7gX+XkeNxjElEjFVUz75w56M8N6G4I=
github.com/nathanbcrocker/env v0.0.0-20240911214235-e6abf0e50750/go.mod h1:pWfbl+1Zo3EbXYjRvsP41xzj7Hr7hZP7yS4ZhxVNOb8=
